// !$*UTF8*$!
{
	archiveVersion = 1;
	classes = {
	};
	objectVersion = 52;
	objects = {

/* Begin PBXBuildFile section */
		86021E573BBFE29454A983ED /* Pods_ITISportApp_ITISportAppUITests.framework in Frameworks */ = {isa = PBXBuildFile; fileRef = 9ED0E46D8BC387DC45D69524 /* Pods_ITISportApp_ITISportAppUITests.framework */; };
		87CCBC5E81A1307366721699 /* Pods_ITISportApp.framework in Frameworks */ = {isa = PBXBuildFile; fileRef = E1B83DD800E7F3B45C470E86 /* Pods_ITISportApp.framework */; };
		9BAF49D7C72EB3B90FF7FE38 /* Pods_ITISportAppTests.framework in Frameworks */ = {isa = PBXBuildFile; fileRef = 4942DA0579E6DAA97353900E /* Pods_ITISportAppTests.framework */; };
		EB1AE9E72830E2D30027BDD2 /* FavouriteTableViewCell.swift in Sources */ = {isa = PBXBuildFile; fileRef = EB1AE9E62830E2D30027BDD2 /* FavouriteTableViewCell.swift */; };
		EB1F5A26282DA85600D72A3C /* Alamofire in Frameworks */ = {isa = PBXBuildFile; productRef = EB1F5A25282DA85600D72A3C /* Alamofire */; };
		EB3A05442833D05300BE315A /* sportbackground5.jpg in Resources */ = {isa = PBXBuildFile; fileRef = EB3A05432833D05300BE315A /* sportbackground5.jpg */; };
		EB7ECBB928313DCF004098BB /* DBService.swift in Sources */ = {isa = PBXBuildFile; fileRef = EB7ECBB828313DCF004098BB /* DBService.swift */; };
		EB7ECBBB28314273004098BB /* FavPresenter.swift in Sources */ = {isa = PBXBuildFile; fileRef = EB7ECBBA28314273004098BB /* FavPresenter.swift */; };
		EB7ECBBD2831815B004098BB /* NetworkConnection.swift in Sources */ = {isa = PBXBuildFile; fileRef = EB7ECBBC2831815B004098BB /* NetworkConnection.swift */; };
		EBB6B6EC282D4E41009A40ED /* Sport.swift in Sources */ = {isa = PBXBuildFile; fileRef = EBB6B6EB282D4E41009A40ED /* Sport.swift */; };
		EBB6B6EE282D4EAD009A40ED /* MySportResult.swift in Sources */ = {isa = PBXBuildFile; fileRef = EBB6B6ED282D4EAD009A40ED /* MySportResult.swift */; };
		EBB6B6F1282D4F62009A40ED /* NetworkService.swift in Sources */ = {isa = PBXBuildFile; fileRef = EBB6B6F0282D4F62009A40ED /* NetworkService.swift */; };
		EBB6B6F7282D5117009A40ED /* AllSportsPresenter.swift in Sources */ = {isa = PBXBuildFile; fileRef = EBB6B6F6282D5117009A40ED /* AllSportsPresenter.swift */; };
		EBC81920282BFCB200762FA7 /* AppDelegate.swift in Sources */ = {isa = PBXBuildFile; fileRef = EBC8191F282BFCB200762FA7 /* AppDelegate.swift */; };
		EBC81922282BFCB200762FA7 /* SceneDelegate.swift in Sources */ = {isa = PBXBuildFile; fileRef = EBC81921282BFCB200762FA7 /* SceneDelegate.swift */; };
		EBC81924282BFCB200762FA7 /* AllSportsViewController.swift in Sources */ = {isa = PBXBuildFile; fileRef = EBC81923282BFCB200762FA7 /* AllSportsViewController.swift */; };
		EBC81927282BFCB200762FA7 /* Main.storyboard in Resources */ = {isa = PBXBuildFile; fileRef = EBC81925282BFCB200762FA7 /* Main.storyboard */; };
		EBC8192A282BFCB200762FA7 /* ITISportApp.xcdatamodeld in Sources */ = {isa = PBXBuildFile; fileRef = EBC81928282BFCB200762FA7 /* ITISportApp.xcdatamodeld */; };
		EBC8192C282BFCB300762FA7 /* Assets.xcassets in Resources */ = {isa = PBXBuildFile; fileRef = EBC8192B282BFCB300762FA7 /* Assets.xcassets */; };
		EBC8192F282BFCB300762FA7 /* LaunchScreen.storyboard in Resources */ = {isa = PBXBuildFile; fileRef = EBC8192D282BFCB300762FA7 /* LaunchScreen.storyboard */; };
		EBC8193A282BFCB300762FA7 /* ITISportAppTests.swift in Sources */ = {isa = PBXBuildFile; fileRef = EBC81939282BFCB300762FA7 /* ITISportAppTests.swift */; };
		EBC81945282BFCB300762FA7 /* ITISportAppUITests.swift in Sources */ = {isa = PBXBuildFile; fileRef = EBC81944282BFCB300762FA7 /* ITISportAppUITests.swift */; };
		EBD433E0282FBC6100BEC085 /* you.jpg in Resources */ = {isa = PBXBuildFile; fileRef = EBD433DF282FBC6100BEC085 /* you.jpg */; };
		EBEE0DF0282E812C0002F0B5 /* League.swift in Sources */ = {isa = PBXBuildFile; fileRef = EBEE0DEF282E812C0002F0B5 /* League.swift */; };
		EBEE0DF2282E815D0002F0B5 /* LeagueResult.swift in Sources */ = {isa = PBXBuildFile; fileRef = EBEE0DF1282E815D0002F0B5 /* LeagueResult.swift */; };
		EBEE0DF4282EA1CF0002F0B5 /* LeaguesPresenter.swift in Sources */ = {isa = PBXBuildFile; fileRef = EBEE0DF3282EA1CF0002F0B5 /* LeaguesPresenter.swift */; };
		EBEE0DF6282ECA7D0002F0B5 /* DisplayProtocole.swift in Sources */ = {isa = PBXBuildFile; fileRef = EBEE0DF5282ECA7D0002F0B5 /* DisplayProtocole.swift */; };
		FF19671A282F9D5300E4E339 /* UpcomingEventCell.swift in Sources */ = {isa = PBXBuildFile; fileRef = FF196719282F9D5300E4E339 /* UpcomingEventCell.swift */; };
		FF19671F282F9D7F00E4E339 /* LatestEventsCell.swift in Sources */ = {isa = PBXBuildFile; fileRef = FF19671E282F9D7F00E4E339 /* LatestEventsCell.swift */; };
		FF196724282F9DA400E4E339 /* TeamsCollectionViewCell.swift in Sources */ = {isa = PBXBuildFile; fileRef = FF196723282F9DA400E4E339 /* TeamsCollectionViewCell.swift */; };
		FF19673F282FD18B00E4E339 /* sport.jpeg in Resources */ = {isa = PBXBuildFile; fileRef = FF19673E282FD18B00E4E339 /* sport.jpeg */; };
		FF196749282FD42200E4E339 /* Team.swift in Sources */ = {isa = PBXBuildFile; fileRef = FF196748282FD42200E4E339 /* Team.swift */; };
		FF19674E282FD46800E4E339 /* TeamResult.swift in Sources */ = {isa = PBXBuildFile; fileRef = FF19674D282FD46800E4E339 /* TeamResult.swift */; };
		FF196753282FF0DF00E4E339 /* Event.swift in Sources */ = {isa = PBXBuildFile; fileRef = FF196752282FF0DF00E4E339 /* Event.swift */; };
		FF196758282FF4C300E4E339 /* EventResult.swift in Sources */ = {isa = PBXBuildFile; fileRef = FF196757282FF4C300E4E339 /* EventResult.swift */; };
		FF19675D283018AA00E4E339 /* LeaguesDetailsPresenter.swift in Sources */ = {isa = PBXBuildFile; fileRef = FF19675C283018AA00E4E339 /* LeaguesDetailsPresenter.swift */; };
		FF424697282C123900639903 /* SportCellCollectionViewCell.swift in Sources */ = {isa = PBXBuildFile; fileRef = FF424696282C123900639903 /* SportCellCollectionViewCell.swift */; };
		FF42469F282C281300639903 /* FavoritViewController.swift in Sources */ = {isa = PBXBuildFile; fileRef = FF42469E282C281300639903 /* FavoritViewController.swift */; };
		FF4246A1282C298E00639903 /* LeagsViewController.swift in Sources */ = {isa = PBXBuildFile; fileRef = FF4246A0282C298E00639903 /* LeagsViewController.swift */; };
		FF4246A3282C29C200639903 /* LeagesTableViewCell.swift in Sources */ = {isa = PBXBuildFile; fileRef = FF4246A2282C29C200639903 /* LeagesTableViewCell.swift */; };
		FF4E34F528348A85006A3BA8 /* TeamDetailsViewController.swift in Sources */ = {isa = PBXBuildFile; fileRef = FF4E34F428348A85006A3BA8 /* TeamDetailsViewController.swift */; };
		FF4E350528349133006A3BA8 /* TeamDetailsPresenter.swift in Sources */ = {isa = PBXBuildFile; fileRef = FF4E350428349133006A3BA8 /* TeamDetailsPresenter.swift */; };
		FFC385352833C012005B13A6 /* sportbackground5.jpg in Resources */ = {isa = PBXBuildFile; fileRef = FFC385342833C012005B13A6 /* sportbackground5.jpg */; };
		FFE61203282F043100FDB121 /* LeaguesDetailsViewController.swift in Sources */ = {isa = PBXBuildFile; fileRef = FFE61202282F043100FDB121 /* LeaguesDetailsViewController.swift */; };
/* End PBXBuildFile section */

/* Begin PBXContainerItemProxy section */
		EBC81936282BFCB300762FA7 /* PBXContainerItemProxy */ = {
			isa = PBXContainerItemProxy;
			containerPortal = EBC81914282BFCB200762FA7 /* Project object */;
			proxyType = 1;
			remoteGlobalIDString = EBC8191B282BFCB200762FA7;
			remoteInfo = ITISportApp;
		};
		EBC81941282BFCB300762FA7 /* PBXContainerItemProxy */ = {
			isa = PBXContainerItemProxy;
			containerPortal = EBC81914282BFCB200762FA7 /* Project object */;
			proxyType = 1;
			remoteGlobalIDString = EBC8191B282BFCB200762FA7;
			remoteInfo = ITISportApp;
		};
/* End PBXContainerItemProxy section */

/* Begin PBXFileReference section */
		002434BD50E88278F4DCD1E4 /* Pods-ITISportApp.release.xcconfig */ = {isa = PBXFileReference; includeInIndex = 1; lastKnownFileType = text.xcconfig; name = "Pods-ITISportApp.release.xcconfig"; path = "Target Support Files/Pods-ITISportApp/Pods-ITISportApp.release.xcconfig"; sourceTree = "<group>"; };
		0E17A0E680F0829D9D3CA24F /* Pods-ITISportAppTests.release.xcconfig */ = {isa = PBXFileReference; includeInIndex = 1; lastKnownFileType = text.xcconfig; name = "Pods-ITISportAppTests.release.xcconfig"; path = "Target Support Files/Pods-ITISportAppTests/Pods-ITISportAppTests.release.xcconfig"; sourceTree = "<group>"; };
		2CF5B139F96795A7D1560FED /* Pods-ITISportApp.debug.xcconfig */ = {isa = PBXFileReference; includeInIndex = 1; lastKnownFileType = text.xcconfig; name = "Pods-ITISportApp.debug.xcconfig"; path = "Target Support Files/Pods-ITISportApp/Pods-ITISportApp.debug.xcconfig"; sourceTree = "<group>"; };
		4942DA0579E6DAA97353900E /* Pods_ITISportAppTests.framework */ = {isa = PBXFileReference; explicitFileType = wrapper.framework; includeInIndex = 0; path = Pods_ITISportAppTests.framework; sourceTree = BUILT_PRODUCTS_DIR; };
		8829578BE323E88148AE99AA /* Pods-ITISportAppTests.debug.xcconfig */ = {isa = PBXFileReference; includeInIndex = 1; lastKnownFileType = text.xcconfig; name = "Pods-ITISportAppTests.debug.xcconfig"; path = "Target Support Files/Pods-ITISportAppTests/Pods-ITISportAppTests.debug.xcconfig"; sourceTree = "<group>"; };
		9ED0E46D8BC387DC45D69524 /* Pods_ITISportApp_ITISportAppUITests.framework */ = {isa = PBXFileReference; explicitFileType = wrapper.framework; includeInIndex = 0; path = Pods_ITISportApp_ITISportAppUITests.framework; sourceTree = BUILT_PRODUCTS_DIR; };
		DF19A620EFA65B0A159F6563 /* Pods-ITISportApp-ITISportAppUITests.release.xcconfig */ = {isa = PBXFileReference; includeInIndex = 1; lastKnownFileType = text.xcconfig; name = "Pods-ITISportApp-ITISportAppUITests.release.xcconfig"; path = "Target Support Files/Pods-ITISportApp-ITISportAppUITests/Pods-ITISportApp-ITISportAppUITests.release.xcconfig"; sourceTree = "<group>"; };
		E1B83DD800E7F3B45C470E86 /* Pods_ITISportApp.framework */ = {isa = PBXFileReference; explicitFileType = wrapper.framework; includeInIndex = 0; path = Pods_ITISportApp.framework; sourceTree = BUILT_PRODUCTS_DIR; };
		EB1AE9E62830E2D30027BDD2 /* FavouriteTableViewCell.swift */ = {isa = PBXFileReference; lastKnownFileType = sourcecode.swift; path = FavouriteTableViewCell.swift; sourceTree = "<group>"; };
		EB3A05432833D05300BE315A /* sportbackground5.jpg */ = {isa = PBXFileReference; lastKnownFileType = image.jpeg; name = sportbackground5.jpg; path = ../../../../sportbackground5.jpg; sourceTree = "<group>"; };
		EB7ECBB828313DCF004098BB /* DBService.swift */ = {isa = PBXFileReference; lastKnownFileType = sourcecode.swift; path = DBService.swift; sourceTree = "<group>"; };
		EB7ECBBA28314273004098BB /* FavPresenter.swift */ = {isa = PBXFileReference; lastKnownFileType = sourcecode.swift; path = FavPresenter.swift; sourceTree = "<group>"; };
		EB7ECBBC2831815B004098BB /* NetworkConnection.swift */ = {isa = PBXFileReference; lastKnownFileType = sourcecode.swift; path = NetworkConnection.swift; sourceTree = "<group>"; };
		EBB6B6EB282D4E41009A40ED /* Sport.swift */ = {isa = PBXFileReference; lastKnownFileType = sourcecode.swift; path = Sport.swift; sourceTree = "<group>"; };
		EBB6B6ED282D4EAD009A40ED /* MySportResult.swift */ = {isa = PBXFileReference; lastKnownFileType = sourcecode.swift; path = MySportResult.swift; sourceTree = "<group>"; };
		EBB6B6F0282D4F62009A40ED /* NetworkService.swift */ = {isa = PBXFileReference; lastKnownFileType = sourcecode.swift; path = NetworkService.swift; sourceTree = "<group>"; };
		EBB6B6F6282D5117009A40ED /* AllSportsPresenter.swift */ = {isa = PBXFileReference; lastKnownFileType = sourcecode.swift; path = AllSportsPresenter.swift; sourceTree = "<group>"; };
		EBC8191C282BFCB200762FA7 /* ITISportApp.app */ = {isa = PBXFileReference; explicitFileType = wrapper.application; includeInIndex = 0; path = ITISportApp.app; sourceTree = BUILT_PRODUCTS_DIR; };
		EBC8191F282BFCB200762FA7 /* AppDelegate.swift */ = {isa = PBXFileReference; lastKnownFileType = sourcecode.swift; path = AppDelegate.swift; sourceTree = "<group>"; };
		EBC81921282BFCB200762FA7 /* SceneDelegate.swift */ = {isa = PBXFileReference; lastKnownFileType = sourcecode.swift; path = SceneDelegate.swift; sourceTree = "<group>"; };
		EBC81923282BFCB200762FA7 /* AllSportsViewController.swift */ = {isa = PBXFileReference; lastKnownFileType = sourcecode.swift; path = AllSportsViewController.swift; sourceTree = "<group>"; };
		EBC81926282BFCB200762FA7 /* Base */ = {isa = PBXFileReference; lastKnownFileType = file.storyboard; name = Base; path = Base.lproj/Main.storyboard; sourceTree = "<group>"; };
		EBC81929282BFCB200762FA7 /* ITISportApp.xcdatamodel */ = {isa = PBXFileReference; lastKnownFileType = wrapper.xcdatamodel; path = ITISportApp.xcdatamodel; sourceTree = "<group>"; };
		EBC8192B282BFCB300762FA7 /* Assets.xcassets */ = {isa = PBXFileReference; lastKnownFileType = folder.assetcatalog; path = Assets.xcassets; sourceTree = "<group>"; };
		EBC8192E282BFCB300762FA7 /* Base */ = {isa = PBXFileReference; lastKnownFileType = file.storyboard; name = Base; path = Base.lproj/LaunchScreen.storyboard; sourceTree = "<group>"; };
		EBC81930282BFCB300762FA7 /* Info.plist */ = {isa = PBXFileReference; lastKnownFileType = text.plist.xml; path = Info.plist; sourceTree = "<group>"; };
		EBC81935282BFCB300762FA7 /* ITISportAppTests.xctest */ = {isa = PBXFileReference; explicitFileType = wrapper.cfbundle; includeInIndex = 0; path = ITISportAppTests.xctest; sourceTree = BUILT_PRODUCTS_DIR; };
		EBC81939282BFCB300762FA7 /* ITISportAppTests.swift */ = {isa = PBXFileReference; lastKnownFileType = sourcecode.swift; path = ITISportAppTests.swift; sourceTree = "<group>"; };
		EBC8193B282BFCB300762FA7 /* Info.plist */ = {isa = PBXFileReference; lastKnownFileType = text.plist.xml; path = Info.plist; sourceTree = "<group>"; };
		EBC81940282BFCB300762FA7 /* ITISportAppUITests.xctest */ = {isa = PBXFileReference; explicitFileType = wrapper.cfbundle; includeInIndex = 0; path = ITISportAppUITests.xctest; sourceTree = BUILT_PRODUCTS_DIR; };
		EBC81944282BFCB300762FA7 /* ITISportAppUITests.swift */ = {isa = PBXFileReference; lastKnownFileType = sourcecode.swift; path = ITISportAppUITests.swift; sourceTree = "<group>"; };
		EBC81946282BFCB300762FA7 /* Info.plist */ = {isa = PBXFileReference; lastKnownFileType = text.plist.xml; path = Info.plist; sourceTree = "<group>"; };
		EBD433DF282FBC6100BEC085 /* you.jpg */ = {isa = PBXFileReference; lastKnownFileType = image.jpeg; path = you.jpg; sourceTree = "<group>"; };
		EBEE0DEF282E812C0002F0B5 /* League.swift */ = {isa = PBXFileReference; lastKnownFileType = sourcecode.swift; path = League.swift; sourceTree = "<group>"; };
		EBEE0DF1282E815D0002F0B5 /* LeagueResult.swift */ = {isa = PBXFileReference; lastKnownFileType = sourcecode.swift; path = LeagueResult.swift; sourceTree = "<group>"; };
		EBEE0DF3282EA1CF0002F0B5 /* LeaguesPresenter.swift */ = {isa = PBXFileReference; lastKnownFileType = sourcecode.swift; path = LeaguesPresenter.swift; sourceTree = "<group>"; };
		EBEE0DF5282ECA7D0002F0B5 /* DisplayProtocole.swift */ = {isa = PBXFileReference; lastKnownFileType = sourcecode.swift; path = DisplayProtocole.swift; sourceTree = "<group>"; };
		F27EEEFD47231AEDB26222C0 /* Pods-ITISportApp-ITISportAppUITests.debug.xcconfig */ = {isa = PBXFileReference; includeInIndex = 1; lastKnownFileType = text.xcconfig; name = "Pods-ITISportApp-ITISportAppUITests.debug.xcconfig"; path = "Target Support Files/Pods-ITISportApp-ITISportAppUITests/Pods-ITISportApp-ITISportAppUITests.debug.xcconfig"; sourceTree = "<group>"; };
		FF196719282F9D5300E4E339 /* UpcomingEventCell.swift */ = {isa = PBXFileReference; lastKnownFileType = sourcecode.swift; path = UpcomingEventCell.swift; sourceTree = "<group>"; };
		FF19671E282F9D7F00E4E339 /* LatestEventsCell.swift */ = {isa = PBXFileReference; lastKnownFileType = sourcecode.swift; path = LatestEventsCell.swift; sourceTree = "<group>"; };
		FF196723282F9DA400E4E339 /* TeamsCollectionViewCell.swift */ = {isa = PBXFileReference; lastKnownFileType = sourcecode.swift; path = TeamsCollectionViewCell.swift; sourceTree = "<group>"; };
		FF19673E282FD18B00E4E339 /* sport.jpeg */ = {isa = PBXFileReference; lastKnownFileType = image.jpeg; path = sport.jpeg; sourceTree = "<group>"; };
		FF196748282FD42200E4E339 /* Team.swift */ = {isa = PBXFileReference; lastKnownFileType = sourcecode.swift; path = Team.swift; sourceTree = "<group>"; };
		FF19674D282FD46800E4E339 /* TeamResult.swift */ = {isa = PBXFileReference; lastKnownFileType = sourcecode.swift; path = TeamResult.swift; sourceTree = "<group>"; };
		FF196752282FF0DF00E4E339 /* Event.swift */ = {isa = PBXFileReference; lastKnownFileType = sourcecode.swift; path = Event.swift; sourceTree = "<group>"; };
		FF196757282FF4C300E4E339 /* EventResult.swift */ = {isa = PBXFileReference; lastKnownFileType = sourcecode.swift; path = EventResult.swift; sourceTree = "<group>"; };
		FF19675C283018AA00E4E339 /* LeaguesDetailsPresenter.swift */ = {isa = PBXFileReference; lastKnownFileType = sourcecode.swift; path = LeaguesDetailsPresenter.swift; sourceTree = "<group>"; };
		FF424696282C123900639903 /* SportCellCollectionViewCell.swift */ = {isa = PBXFileReference; lastKnownFileType = sourcecode.swift; path = SportCellCollectionViewCell.swift; sourceTree = "<group>"; };
		FF42469E282C281300639903 /* FavoritViewController.swift */ = {isa = PBXFileReference; lastKnownFileType = sourcecode.swift; path = FavoritViewController.swift; sourceTree = "<group>"; };
		FF4246A0282C298E00639903 /* LeagsViewController.swift */ = {isa = PBXFileReference; lastKnownFileType = sourcecode.swift; path = LeagsViewController.swift; sourceTree = "<group>"; };
		FF4246A2282C29C200639903 /* LeagesTableViewCell.swift */ = {isa = PBXFileReference; lastKnownFileType = sourcecode.swift; path = LeagesTableViewCell.swift; sourceTree = "<group>"; };
		FF4E34F428348A85006A3BA8 /* TeamDetailsViewController.swift */ = {isa = PBXFileReference; lastKnownFileType = sourcecode.swift; path = TeamDetailsViewController.swift; sourceTree = "<group>"; };
		FF4E350428349133006A3BA8 /* TeamDetailsPresenter.swift */ = {isa = PBXFileReference; lastKnownFileType = sourcecode.swift; path = TeamDetailsPresenter.swift; sourceTree = "<group>"; };
		FFC385342833C012005B13A6 /* sportbackground5.jpg */ = {isa = PBXFileReference; lastKnownFileType = image.jpeg; name = sportbackground5.jpg; path = ../../../../../Desktop/sportbackground5.jpg; sourceTree = "<group>"; };
		FFE61202282F043100FDB121 /* LeaguesDetailsViewController.swift */ = {isa = PBXFileReference; lastKnownFileType = sourcecode.swift; path = LeaguesDetailsViewController.swift; sourceTree = "<group>"; };
/* End PBXFileReference section */

/* Begin PBXFrameworksBuildPhase section */
		EBC81919282BFCB200762FA7 /* Frameworks */ = {
			isa = PBXFrameworksBuildPhase;
			buildActionMask = 2147483647;
			files = (
				87CCBC5E81A1307366721699 /* Pods_ITISportApp.framework in Frameworks */,
				EB1F5A26282DA85600D72A3C /* Alamofire in Frameworks */,
			);
			runOnlyForDeploymentPostprocessing = 0;
		};
		EBC81932282BFCB300762FA7 /* Frameworks */ = {
			isa = PBXFrameworksBuildPhase;
			buildActionMask = 2147483647;
			files = (
				9BAF49D7C72EB3B90FF7FE38 /* Pods_ITISportAppTests.framework in Frameworks */,
			);
			runOnlyForDeploymentPostprocessing = 0;
		};
		EBC8193D282BFCB300762FA7 /* Frameworks */ = {
			isa = PBXFrameworksBuildPhase;
			buildActionMask = 2147483647;
			files = (
				86021E573BBFE29454A983ED /* Pods_ITISportApp_ITISportAppUITests.framework in Frameworks */,
			);
			runOnlyForDeploymentPostprocessing = 0;
		};
/* End PBXFrameworksBuildPhase section */

/* Begin PBXGroup section */
		261CD54743E0A6E4E83FFC82 /* Frameworks */ = {
			isa = PBXGroup;
			children = (
				E1B83DD800E7F3B45C470E86 /* Pods_ITISportApp.framework */,
				9ED0E46D8BC387DC45D69524 /* Pods_ITISportApp_ITISportAppUITests.framework */,
				4942DA0579E6DAA97353900E /* Pods_ITISportAppTests.framework */,
			);
			name = Frameworks;
			sourceTree = "<group>";
		};
		E0EC25DB061197313D56BF45 /* Pods */ = {
			isa = PBXGroup;
			children = (
				2CF5B139F96795A7D1560FED /* Pods-ITISportApp.debug.xcconfig */,
				002434BD50E88278F4DCD1E4 /* Pods-ITISportApp.release.xcconfig */,
				F27EEEFD47231AEDB26222C0 /* Pods-ITISportApp-ITISportAppUITests.debug.xcconfig */,
				DF19A620EFA65B0A159F6563 /* Pods-ITISportApp-ITISportAppUITests.release.xcconfig */,
				8829578BE323E88148AE99AA /* Pods-ITISportAppTests.debug.xcconfig */,
				0E17A0E680F0829D9D3CA24F /* Pods-ITISportAppTests.release.xcconfig */,
			);
			path = Pods;
			sourceTree = "<group>";
		};
		EB1AE9DF2830E1D90027BDD2 /* Favourite */ = {
			isa = PBXGroup;
			children = (
				EB1AE9E12830E1F70027BDD2 /* View */,
				EB1AE9E02830E1EC0027BDD2 /* Presenter */,
			);
			path = Favourite;
			sourceTree = "<group>";
		};
		EB1AE9E02830E1EC0027BDD2 /* Presenter */ = {
			isa = PBXGroup;
			children = (
				EB7ECBBA28314273004098BB /* FavPresenter.swift */,
			);
			path = Presenter;
			sourceTree = "<group>";
		};
		EB1AE9E12830E1F70027BDD2 /* View */ = {
			isa = PBXGroup;
			children = (
				FF42469E282C281300639903 /* FavoritViewController.swift */,
				EB1AE9E62830E2D30027BDD2 /* FavouriteTableViewCell.swift */,
			);
			path = View;
			sourceTree = "<group>";
		};
		EBB6B6E9282D4D7F009A40ED /* View */ = {
			isa = PBXGroup;
			children = (
				EBC81925282BFCB200762FA7 /* Main.storyboard */,
				EBC8192D282BFCB300762FA7 /* LaunchScreen.storyboard */,
			);
			path = View;
			sourceTree = "<group>";
		};
		EBB6B6EA282D4E06009A40ED /* Model */ = {
			isa = PBXGroup;
			children = (
				EBB6B6EF282D4F2A009A40ED /* Services */,
				EBB6B6EB282D4E41009A40ED /* Sport.swift */,
				EBB6B6ED282D4EAD009A40ED /* MySportResult.swift */,
				EBEE0DEF282E812C0002F0B5 /* League.swift */,
				EBEE0DF1282E815D0002F0B5 /* LeagueResult.swift */,
				FF196748282FD42200E4E339 /* Team.swift */,
				FF19674D282FD46800E4E339 /* TeamResult.swift */,
				FF196752282FF0DF00E4E339 /* Event.swift */,
				FF196757282FF4C300E4E339 /* EventResult.swift */,
			);
			path = Model;
			sourceTree = "<group>";
		};
		EBB6B6EF282D4F2A009A40ED /* Services */ = {
			isa = PBXGroup;
			children = (
				EBB6B6F0282D4F62009A40ED /* NetworkService.swift */,
				EB7ECBB828313DCF004098BB /* DBService.swift */,
			);
			path = Services;
			sourceTree = "<group>";
		};
		EBB6B6F2282D5040009A40ED /* Module */ = {
			isa = PBXGroup;
			children = (
				FF4E34F128348A31006A3BA8 /* TeamDetails */,
				EB1AE9DF2830E1D90027BDD2 /* Favourite */,
				FFE611FF282F030500FDB121 /* LeaguesDetails */,
				EBEE0DEC282E7C5A0002F0B5 /* Leagues */,
				EBB6B6F3282D507D009A40ED /* Sports */,
			);
			path = Module;
			sourceTree = "<group>";
		};
		EBB6B6F3282D507D009A40ED /* Sports */ = {
			isa = PBXGroup;
			children = (
				EBB6B6F5282D5097009A40ED /* Presenter */,
				EBB6B6F4282D508F009A40ED /* View */,
			);
			path = Sports;
			sourceTree = "<group>";
		};
		EBB6B6F4282D508F009A40ED /* View */ = {
			isa = PBXGroup;
			children = (
				EBC81923282BFCB200762FA7 /* AllSportsViewController.swift */,
				FF424696282C123900639903 /* SportCellCollectionViewCell.swift */,
			);
			path = View;
			sourceTree = "<group>";
		};
		EBB6B6F5282D5097009A40ED /* Presenter */ = {
			isa = PBXGroup;
			children = (
				EBB6B6F6282D5117009A40ED /* AllSportsPresenter.swift */,
			);
			path = Presenter;
			sourceTree = "<group>";
		};
		EBC81913282BFCB200762FA7 = {
			isa = PBXGroup;
			children = (
				EBC8191E282BFCB200762FA7 /* ITISportApp */,
				EBC81938282BFCB300762FA7 /* ITISportAppTests */,
				EBC81943282BFCB300762FA7 /* ITISportAppUITests */,
				EBC8191D282BFCB200762FA7 /* Products */,
				E0EC25DB061197313D56BF45 /* Pods */,
				261CD54743E0A6E4E83FFC82 /* Frameworks */,
			);
			sourceTree = "<group>";
		};
		EBC8191D282BFCB200762FA7 /* Products */ = {
			isa = PBXGroup;
			children = (
				EBC8191C282BFCB200762FA7 /* ITISportApp.app */,
				EBC81935282BFCB300762FA7 /* ITISportAppTests.xctest */,
				EBC81940282BFCB300762FA7 /* ITISportAppUITests.xctest */,
			);
			name = Products;
			sourceTree = "<group>";
		};
		EBC8191E282BFCB200762FA7 /* ITISportApp */ = {
			isa = PBXGroup;
			children = (
				FFE611EC282F010300FDB121 /* Resources */,
				EBB6B6F2282D5040009A40ED /* Module */,
				EBB6B6EA282D4E06009A40ED /* Model */,
				EBB6B6E9282D4D7F009A40ED /* View */,
				EBC8191F282BFCB200762FA7 /* AppDelegate.swift */,
				EBC81921282BFCB200762FA7 /* SceneDelegate.swift */,
				EBC81930282BFCB300762FA7 /* Info.plist */,
				EBC81928282BFCB200762FA7 /* ITISportApp.xcdatamodeld */,
				EB7ECBBC2831815B004098BB /* NetworkConnection.swift */,
			);
			path = ITISportApp;
			sourceTree = "<group>";
		};
		EBC81938282BFCB300762FA7 /* ITISportAppTests */ = {
			isa = PBXGroup;
			children = (
				EBC81939282BFCB300762FA7 /* ITISportAppTests.swift */,
				EBC8193B282BFCB300762FA7 /* Info.plist */,
			);
			path = ITISportAppTests;
			sourceTree = "<group>";
		};
		EBC81943282BFCB300762FA7 /* ITISportAppUITests */ = {
			isa = PBXGroup;
			children = (
				EBC81944282BFCB300762FA7 /* ITISportAppUITests.swift */,
				EBC81946282BFCB300762FA7 /* Info.plist */,
			);
			path = ITISportAppUITests;
			sourceTree = "<group>";
		};
		EBEE0DEC282E7C5A0002F0B5 /* Leagues */ = {
			isa = PBXGroup;
			children = (
				EBEE0DEE282E7C8D0002F0B5 /* View */,
				EBEE0DED282E7C7A0002F0B5 /* Presenter */,
			);
			path = Leagues;
			sourceTree = "<group>";
		};
		EBEE0DED282E7C7A0002F0B5 /* Presenter */ = {
			isa = PBXGroup;
			children = (
				EBEE0DF3282EA1CF0002F0B5 /* LeaguesPresenter.swift */,
			);
			path = Presenter;
			sourceTree = "<group>";
		};
		EBEE0DEE282E7C8D0002F0B5 /* View */ = {
			isa = PBXGroup;
			children = (
				FF4246A2282C29C200639903 /* LeagesTableViewCell.swift */,
				FF4246A0282C298E00639903 /* LeagsViewController.swift */,
				EBEE0DF5282ECA7D0002F0B5 /* DisplayProtocole.swift */,
			);
			path = View;
			sourceTree = "<group>";
		};
		FF4E34F128348A31006A3BA8 /* TeamDetails */ = {
			isa = PBXGroup;
			children = (
				FF4E34F228348A45006A3BA8 /* Presenter */,
				FF4E34F328348A56006A3BA8 /* View */,
			);
			path = TeamDetails;
			sourceTree = "<group>";
		};
		FF4E34F228348A45006A3BA8 /* Presenter */ = {
			isa = PBXGroup;
			children = (
				FF4E350428349133006A3BA8 /* TeamDetailsPresenter.swift */,
			);
			path = Presenter;
			sourceTree = "<group>";
		};
		FF4E34F328348A56006A3BA8 /* View */ = {
			isa = PBXGroup;
			children = (
				FF4E34F428348A85006A3BA8 /* TeamDetailsViewController.swift */,
			);
			path = View;
			sourceTree = "<group>";
		};
		FFE611EC282F010300FDB121 /* Resources */ = {
			isa = PBXGroup;
			children = (
				FFC385342833C012005B13A6 /* sportbackground5.jpg */,
				EBD433DF282FBC6100BEC085 /* you.jpg */,
				EB3A05432833D05300BE315A /* sportbackground5.jpg */,
				FF19673E282FD18B00E4E339 /* sport.jpeg */,
				EBC8192B282BFCB300762FA7 /* Assets.xcassets */,
			);
			path = Resources;
			sourceTree = "<group>";
		};
		FFE611FF282F030500FDB121 /* LeaguesDetails */ = {
			isa = PBXGroup;
			children = (
				FFE61201282F032500FDB121 /* persenter */,
				FFE61200282F031F00FDB121 /* view */,
			);
			path = LeaguesDetails;
			sourceTree = "<group>";
		};
		FFE61200282F031F00FDB121 /* view */ = {
			isa = PBXGroup;
			children = (
				FFE61202282F043100FDB121 /* LeaguesDetailsViewController.swift */,
				FF196719282F9D5300E4E339 /* UpcomingEventCell.swift */,
				FF19671E282F9D7F00E4E339 /* LatestEventsCell.swift */,
				FF196723282F9DA400E4E339 /* TeamsCollectionViewCell.swift */,
			);
			path = view;
			sourceTree = "<group>";
		};
		FFE61201282F032500FDB121 /* persenter */ = {
			isa = PBXGroup;
			children = (
				FF19675C283018AA00E4E339 /* LeaguesDetailsPresenter.swift */,
			);
			path = persenter;
			sourceTree = "<group>";
		};
/* End PBXGroup section */

/* Begin PBXNativeTarget section */
		EBC8191B282BFCB200762FA7 /* ITISportApp */ = {
			isa = PBXNativeTarget;
			buildConfigurationList = EBC81949282BFCB300762FA7 /* Build configuration list for PBXNativeTarget "ITISportApp" */;
			buildPhases = (
				6323DBCD51347C37C02FA3C3 /* [CP] Check Pods Manifest.lock */,
				EBC81918282BFCB200762FA7 /* Sources */,
				EBC81919282BFCB200762FA7 /* Frameworks */,
				EBC8191A282BFCB200762FA7 /* Resources */,
				5762C07DC1D3D819609D2ED5 /* [CP] Embed Pods Frameworks */,
			);
			buildRules = (
			);
			dependencies = (
			);
			name = ITISportApp;
			packageProductDependencies = (
				EB1F5A25282DA85600D72A3C /* Alamofire */,
			);
			productName = ITISportApp;
			productReference = EBC8191C282BFCB200762FA7 /* ITISportApp.app */;
			productType = "com.apple.product-type.application";
		};
		EBC81934282BFCB300762FA7 /* ITISportAppTests */ = {
			isa = PBXNativeTarget;
			buildConfigurationList = EBC8194C282BFCB300762FA7 /* Build configuration list for PBXNativeTarget "ITISportAppTests" */;
			buildPhases = (
				D730421C528244B08704616C /* [CP] Check Pods Manifest.lock */,
				EBC81931282BFCB300762FA7 /* Sources */,
				EBC81932282BFCB300762FA7 /* Frameworks */,
				EBC81933282BFCB300762FA7 /* Resources */,
			);
			buildRules = (
			);
			dependencies = (
				EBC81937282BFCB300762FA7 /* PBXTargetDependency */,
			);
			name = ITISportAppTests;
			productName = ITISportAppTests;
			productReference = EBC81935282BFCB300762FA7 /* ITISportAppTests.xctest */;
			productType = "com.apple.product-type.bundle.unit-test";
		};
		EBC8193F282BFCB300762FA7 /* ITISportAppUITests */ = {
			isa = PBXNativeTarget;
			buildConfigurationList = EBC8194F282BFCB300762FA7 /* Build configuration list for PBXNativeTarget "ITISportAppUITests" */;
			buildPhases = (
				B261128791A425682AA8DF96 /* [CP] Check Pods Manifest.lock */,
				EBC8193C282BFCB300762FA7 /* Sources */,
				EBC8193D282BFCB300762FA7 /* Frameworks */,
				EBC8193E282BFCB300762FA7 /* Resources */,
				0277ADDF4DE3A168A799C057 /* [CP] Embed Pods Frameworks */,
			);
			buildRules = (
			);
			dependencies = (
				EBC81942282BFCB300762FA7 /* PBXTargetDependency */,
			);
			name = ITISportAppUITests;
			productName = ITISportAppUITests;
			productReference = EBC81940282BFCB300762FA7 /* ITISportAppUITests.xctest */;
			productType = "com.apple.product-type.bundle.ui-testing";
		};
/* End PBXNativeTarget section */

/* Begin PBXProject section */
		EBC81914282BFCB200762FA7 /* Project object */ = {
			isa = PBXProject;
			attributes = {
				LastSwiftUpdateCheck = 1100;
				LastUpgradeCheck = 1100;
				ORGANIZATIONNAME = ititeam;
				TargetAttributes = {
					EBC8191B282BFCB200762FA7 = {
						CreatedOnToolsVersion = 11.0;
					};
					EBC81934282BFCB300762FA7 = {
						CreatedOnToolsVersion = 11.0;
						TestTargetID = EBC8191B282BFCB200762FA7;
					};
					EBC8193F282BFCB300762FA7 = {
						CreatedOnToolsVersion = 11.0;
						TestTargetID = EBC8191B282BFCB200762FA7;
					};
				};
			};
			buildConfigurationList = EBC81917282BFCB200762FA7 /* Build configuration list for PBXProject "ITISportApp" */;
			compatibilityVersion = "Xcode 9.3";
			developmentRegion = en;
			hasScannedForEncodings = 0;
			knownRegions = (
				en,
				Base,
			);
			mainGroup = EBC81913282BFCB200762FA7;
			packageReferences = (
				EB1F5A24282DA85600D72A3C /* XCRemoteSwiftPackageReference "Alamofire" */,
			);
			productRefGroup = EBC8191D282BFCB200762FA7 /* Products */;
			projectDirPath = "";
			projectRoot = "";
			targets = (
				EBC8191B282BFCB200762FA7 /* ITISportApp */,
				EBC81934282BFCB300762FA7 /* ITISportAppTests */,
				EBC8193F282BFCB300762FA7 /* ITISportAppUITests */,
			);
		};
/* End PBXProject section */

/* Begin PBXResourcesBuildPhase section */
		EBC8191A282BFCB200762FA7 /* Resources */ = {
			isa = PBXResourcesBuildPhase;
			buildActionMask = 2147483647;
			files = (
				FFC385352833C012005B13A6 /* sportbackground5.jpg in Resources */,
				EB3A05442833D05300BE315A /* sportbackground5.jpg in Resources */,
				EBD433E0282FBC6100BEC085 /* you.jpg in Resources */,
				EBC8192F282BFCB300762FA7 /* LaunchScreen.storyboard in Resources */,
				EBC8192C282BFCB300762FA7 /* Assets.xcassets in Resources */,
				EBC81927282BFCB200762FA7 /* Main.storyboard in Resources */,
				FF19673F282FD18B00E4E339 /* sport.jpeg in Resources */,
			);
			runOnlyForDeploymentPostprocessing = 0;
		};
		EBC81933282BFCB300762FA7 /* Resources */ = {
			isa = PBXResourcesBuildPhase;
			buildActionMask = 2147483647;
			files = (
			);
			runOnlyForDeploymentPostprocessing = 0;
		};
		EBC8193E282BFCB300762FA7 /* Resources */ = {
			isa = PBXResourcesBuildPhase;
			buildActionMask = 2147483647;
			files = (
			);
			runOnlyForDeploymentPostprocessing = 0;
		};
/* End PBXResourcesBuildPhase section */

/* Begin PBXShellScriptBuildPhase section */
		0277ADDF4DE3A168A799C057 /* [CP] Embed Pods Frameworks */ = {
			isa = PBXShellScriptBuildPhase;
			buildActionMask = 2147483647;
			files = (
			);
			inputFileListPaths = (
				"${PODS_ROOT}/Target Support Files/Pods-ITISportApp-ITISportAppUITests/Pods-ITISportApp-ITISportAppUITests-frameworks-${CONFIGURATION}-input-files.xcfilelist",
			);
			name = "[CP] Embed Pods Frameworks";
			outputFileListPaths = (
				"${PODS_ROOT}/Target Support Files/Pods-ITISportApp-ITISportAppUITests/Pods-ITISportApp-ITISportAppUITests-frameworks-${CONFIGURATION}-output-files.xcfilelist",
			);
			runOnlyForDeploymentPostprocessing = 0;
			shellPath = /bin/sh;
			shellScript = "\"${PODS_ROOT}/Target Support Files/Pods-ITISportApp-ITISportAppUITests/Pods-ITISportApp-ITISportAppUITests-frameworks.sh\"\n";
			showEnvVarsInLog = 0;
		};
		5762C07DC1D3D819609D2ED5 /* [CP] Embed Pods Frameworks */ = {
			isa = PBXShellScriptBuildPhase;
			buildActionMask = 2147483647;
			files = (
			);
			inputFileListPaths = (
				"${PODS_ROOT}/Target Support Files/Pods-ITISportApp/Pods-ITISportApp-frameworks-${CONFIGURATION}-input-files.xcfilelist",
			);
			name = "[CP] Embed Pods Frameworks";
			outputFileListPaths = (
				"${PODS_ROOT}/Target Support Files/Pods-ITISportApp/Pods-ITISportApp-frameworks-${CONFIGURATION}-output-files.xcfilelist",
			);
			runOnlyForDeploymentPostprocessing = 0;
			shellPath = /bin/sh;
			shellScript = "\"${PODS_ROOT}/Target Support Files/Pods-ITISportApp/Pods-ITISportApp-frameworks.sh\"\n";
			showEnvVarsInLog = 0;
		};
		6323DBCD51347C37C02FA3C3 /* [CP] Check Pods Manifest.lock */ = {
			isa = PBXShellScriptBuildPhase;
			buildActionMask = 2147483647;
			files = (
			);
			inputFileListPaths = (
			);
			inputPaths = (
				"${PODS_PODFILE_DIR_PATH}/Podfile.lock",
				"${PODS_ROOT}/Manifest.lock",
			);
			name = "[CP] Check Pods Manifest.lock";
			outputFileListPaths = (
			);
			outputPaths = (
				"$(DERIVED_FILE_DIR)/Pods-ITISportApp-checkManifestLockResult.txt",
			);
			runOnlyForDeploymentPostprocessing = 0;
			shellPath = /bin/sh;
			shellScript = "diff \"${PODS_PODFILE_DIR_PATH}/Podfile.lock\" \"${PODS_ROOT}/Manifest.lock\" > /dev/null\nif [ $? != 0 ] ; then\n    # print error to STDERR\n    echo \"error: The sandbox is not in sync with the Podfile.lock. Run 'pod install' or update your CocoaPods installation.\" >&2\n    exit 1\nfi\n# This output is used by Xcode 'outputs' to avoid re-running this script phase.\necho \"SUCCESS\" > \"${SCRIPT_OUTPUT_FILE_0}\"\n";
			showEnvVarsInLog = 0;
		};
		B261128791A425682AA8DF96 /* [CP] Check Pods Manifest.lock */ = {
			isa = PBXShellScriptBuildPhase;
			buildActionMask = 2147483647;
			files = (
			);
			inputFileListPaths = (
			);
			inputPaths = (
				"${PODS_PODFILE_DIR_PATH}/Podfile.lock",
				"${PODS_ROOT}/Manifest.lock",
			);
			name = "[CP] Check Pods Manifest.lock";
			outputFileListPaths = (
			);
			outputPaths = (
				"$(DERIVED_FILE_DIR)/Pods-ITISportApp-ITISportAppUITests-checkManifestLockResult.txt",
			);
			runOnlyForDeploymentPostprocessing = 0;
			shellPath = /bin/sh;
			shellScript = "diff \"${PODS_PODFILE_DIR_PATH}/Podfile.lock\" \"${PODS_ROOT}/Manifest.lock\" > /dev/null\nif [ $? != 0 ] ; then\n    # print error to STDERR\n    echo \"error: The sandbox is not in sync with the Podfile.lock. Run 'pod install' or update your CocoaPods installation.\" >&2\n    exit 1\nfi\n# This output is used by Xcode 'outputs' to avoid re-running this script phase.\necho \"SUCCESS\" > \"${SCRIPT_OUTPUT_FILE_0}\"\n";
			showEnvVarsInLog = 0;
		};
		D730421C528244B08704616C /* [CP] Check Pods Manifest.lock */ = {
			isa = PBXShellScriptBuildPhase;
			buildActionMask = 2147483647;
			files = (
			);
			inputFileListPaths = (
			);
			inputPaths = (
				"${PODS_PODFILE_DIR_PATH}/Podfile.lock",
				"${PODS_ROOT}/Manifest.lock",
			);
			name = "[CP] Check Pods Manifest.lock";
			outputFileListPaths = (
			);
			outputPaths = (
				"$(DERIVED_FILE_DIR)/Pods-ITISportAppTests-checkManifestLockResult.txt",
			);
			runOnlyForDeploymentPostprocessing = 0;
			shellPath = /bin/sh;
			shellScript = "diff \"${PODS_PODFILE_DIR_PATH}/Podfile.lock\" \"${PODS_ROOT}/Manifest.lock\" > /dev/null\nif [ $? != 0 ] ; then\n    # print error to STDERR\n    echo \"error: The sandbox is not in sync with the Podfile.lock. Run 'pod install' or update your CocoaPods installation.\" >&2\n    exit 1\nfi\n# This output is used by Xcode 'outputs' to avoid re-running this script phase.\necho \"SUCCESS\" > \"${SCRIPT_OUTPUT_FILE_0}\"\n";
			showEnvVarsInLog = 0;
		};
/* End PBXShellScriptBuildPhase section */

/* Begin PBXSourcesBuildPhase section */
		EBC81918282BFCB200762FA7 /* Sources */ = {
			isa = PBXSourcesBuildPhase;
			buildActionMask = 2147483647;
			files = (
				EBB6B6F1282D4F62009A40ED /* NetworkService.swift in Sources */,
				FF4246A3282C29C200639903 /* LeagesTableViewCell.swift in Sources */,
				EBB6B6EC282D4E41009A40ED /* Sport.swift in Sources */,
				EBEE0DF2282E815D0002F0B5 /* LeagueResult.swift in Sources */,
				FF4E350528349133006A3BA8 /* TeamDetailsPresenter.swift in Sources */,
				EBC81924282BFCB200762FA7 /* AllSportsViewController.swift in Sources */,
				FF196758282FF4C300E4E339 /* EventResult.swift in Sources */,
				EB7ECBBB28314273004098BB /* FavPresenter.swift in Sources */,
				FF4246A1282C298E00639903 /* LeagsViewController.swift in Sources */,
				FF424697282C123900639903 /* SportCellCollectionViewCell.swift in Sources */,
				FF19675D283018AA00E4E339 /* LeaguesDetailsPresenter.swift in Sources */,
				EBEE0DF0282E812C0002F0B5 /* League.swift in Sources */,
				FF196753282FF0DF00E4E339 /* Event.swift in Sources */,
				EBEE0DF4282EA1CF0002F0B5 /* LeaguesPresenter.swift in Sources */,
				FF196749282FD42200E4E339 /* Team.swift in Sources */,
				FF196724282F9DA400E4E339 /* TeamsCollectionViewCell.swift in Sources */,
				FF42469F282C281300639903 /* FavoritViewController.swift in Sources */,
				EBB6B6F7282D5117009A40ED /* AllSportsPresenter.swift in Sources */,
				EB7ECBBD2831815B004098BB /* NetworkConnection.swift in Sources */,
				EBC81920282BFCB200762FA7 /* AppDelegate.swift in Sources */,
				FF19671F282F9D7F00E4E339 /* LatestEventsCell.swift in Sources */,
				EB1AE9E72830E2D30027BDD2 /* FavouriteTableViewCell.swift in Sources */,
				EBC81922282BFCB200762FA7 /* SceneDelegate.swift in Sources */,
				EBC8192A282BFCB200762FA7 /* ITISportApp.xcdatamodeld in Sources */,
				EBEE0DF6282ECA7D0002F0B5 /* DisplayProtocole.swift in Sources */,
				EBB6B6EE282D4EAD009A40ED /* MySportResult.swift in Sources */,
				FF19671A282F9D5300E4E339 /* UpcomingEventCell.swift in Sources */,
				FFE61203282F043100FDB121 /* LeaguesDetailsViewController.swift in Sources */,
				FF19674E282FD46800E4E339 /* TeamResult.swift in Sources */,
				FF4E34F528348A85006A3BA8 /* TeamDetailsViewController.swift in Sources */,
				EB7ECBB928313DCF004098BB /* DBService.swift in Sources */,
			);
			runOnlyForDeploymentPostprocessing = 0;
		};
		EBC81931282BFCB300762FA7 /* Sources */ = {
			isa = PBXSourcesBuildPhase;
			buildActionMask = 2147483647;
			files = (
				EBC8193A282BFCB300762FA7 /* ITISportAppTests.swift in Sources */,
			);
			runOnlyForDeploymentPostprocessing = 0;
		};
		EBC8193C282BFCB300762FA7 /* Sources */ = {
			isa = PBXSourcesBuildPhase;
			buildActionMask = 2147483647;
			files = (
				EBC81945282BFCB300762FA7 /* ITISportAppUITests.swift in Sources */,
			);
			runOnlyForDeploymentPostprocessing = 0;
		};
/* End PBXSourcesBuildPhase section */

/* Begin PBXTargetDependency section */
		EBC81937282BFCB300762FA7 /* PBXTargetDependency */ = {
			isa = PBXTargetDependency;
			target = EBC8191B282BFCB200762FA7 /* ITISportApp */;
			targetProxy = EBC81936282BFCB300762FA7 /* PBXContainerItemProxy */;
		};
		EBC81942282BFCB300762FA7 /* PBXTargetDependency */ = {
			isa = PBXTargetDependency;
			target = EBC8191B282BFCB200762FA7 /* ITISportApp */;
			targetProxy = EBC81941282BFCB300762FA7 /* PBXContainerItemProxy */;
		};
/* End PBXTargetDependency section */

/* Begin PBXVariantGroup section */
		EBC81925282BFCB200762FA7 /* Main.storyboard */ = {
			isa = PBXVariantGroup;
			children = (
				EBC81926282BFCB200762FA7 /* Base */,
			);
			name = Main.storyboard;
			sourceTree = "<group>";
		};
		EBC8192D282BFCB300762FA7 /* LaunchScreen.storyboard */ = {
			isa = PBXVariantGroup;
			children = (
				EBC8192E282BFCB300762FA7 /* Base */,
			);
			name = LaunchScreen.storyboard;
			sourceTree = "<group>";
		};
/* End PBXVariantGroup section */

/* Begin XCBuildConfiguration section */
		EBC81947282BFCB300762FA7 /* Debug */ = {
			isa = XCBuildConfiguration;
			buildSettings = {
				ALWAYS_SEARCH_USER_PATHS = NO;
				CLANG_ANALYZER_NONNULL = YES;
				CLANG_ANALYZER_NUMBER_OBJECT_CONVERSION = YES_AGGRESSIVE;
				CLANG_CXX_LANGUAGE_STANDARD = "gnu++14";
				CLANG_CXX_LIBRARY = "libc++";
				CLANG_ENABLE_MODULES = YES;
				CLANG_ENABLE_OBJC_ARC = YES;
				CLANG_ENABLE_OBJC_WEAK = YES;
				CLANG_WARN_BLOCK_CAPTURE_AUTORELEASING = YES;
				CLANG_WARN_BOOL_CONVERSION = YES;
				CLANG_WARN_COMMA = YES;
				CLANG_WARN_CONSTANT_CONVERSION = YES;
				CLANG_WARN_DEPRECATED_OBJC_IMPLEMENTATIONS = YES;
				CLANG_WARN_DIRECT_OBJC_ISA_USAGE = YES_ERROR;
				CLANG_WARN_DOCUMENTATION_COMMENTS = YES;
				CLANG_WARN_EMPTY_BODY = YES;
				CLANG_WARN_ENUM_CONVERSION = YES;
				CLANG_WARN_INFINITE_RECURSION = YES;
				CLANG_WARN_INT_CONVERSION = YES;
				CLANG_WARN_NON_LITERAL_NULL_CONVERSION = YES;
				CLANG_WARN_OBJC_IMPLICIT_RETAIN_SELF = YES;
				CLANG_WARN_OBJC_LITERAL_CONVERSION = YES;
				CLANG_WARN_OBJC_ROOT_CLASS = YES_ERROR;
				CLANG_WARN_RANGE_LOOP_ANALYSIS = YES;
				CLANG_WARN_STRICT_PROTOTYPES = YES;
				CLANG_WARN_SUSPICIOUS_MOVE = YES;
				CLANG_WARN_UNGUARDED_AVAILABILITY = YES_AGGRESSIVE;
				CLANG_WARN_UNREACHABLE_CODE = YES;
				CLANG_WARN__DUPLICATE_METHOD_MATCH = YES;
				COPY_PHASE_STRIP = NO;
				DEBUG_INFORMATION_FORMAT = dwarf;
				ENABLE_STRICT_OBJC_MSGSEND = YES;
				ENABLE_TESTABILITY = YES;
				GCC_C_LANGUAGE_STANDARD = gnu11;
				GCC_DYNAMIC_NO_PIC = NO;
				GCC_NO_COMMON_BLOCKS = YES;
				GCC_OPTIMIZATION_LEVEL = 0;
				GCC_PREPROCESSOR_DEFINITIONS = (
					"DEBUG=1",
					"$(inherited)",
				);
				GCC_WARN_64_TO_32_BIT_CONVERSION = YES;
				GCC_WARN_ABOUT_RETURN_TYPE = YES_ERROR;
				GCC_WARN_UNDECLARED_SELECTOR = YES;
				GCC_WARN_UNINITIALIZED_AUTOS = YES_AGGRESSIVE;
				GCC_WARN_UNUSED_FUNCTION = YES;
				GCC_WARN_UNUSED_VARIABLE = YES;
				IPHONEOS_DEPLOYMENT_TARGET = 13.0;
				MTL_ENABLE_DEBUG_INFO = INCLUDE_SOURCE;
				MTL_FAST_MATH = YES;
				ONLY_ACTIVE_ARCH = YES;
				SDKROOT = iphoneos;
				SWIFT_ACTIVE_COMPILATION_CONDITIONS = DEBUG;
				SWIFT_OPTIMIZATION_LEVEL = "-Onone";
			};
			name = Debug;
		};
		EBC81948282BFCB300762FA7 /* Release */ = {
			isa = XCBuildConfiguration;
			buildSettings = {
				ALWAYS_SEARCH_USER_PATHS = NO;
				CLANG_ANALYZER_NONNULL = YES;
				CLANG_ANALYZER_NUMBER_OBJECT_CONVERSION = YES_AGGRESSIVE;
				CLANG_CXX_LANGUAGE_STANDARD = "gnu++14";
				CLANG_CXX_LIBRARY = "libc++";
				CLANG_ENABLE_MODULES = YES;
				CLANG_ENABLE_OBJC_ARC = YES;
				CLANG_ENABLE_OBJC_WEAK = YES;
				CLANG_WARN_BLOCK_CAPTURE_AUTORELEASING = YES;
				CLANG_WARN_BOOL_CONVERSION = YES;
				CLANG_WARN_COMMA = YES;
				CLANG_WARN_CONSTANT_CONVERSION = YES;
				CLANG_WARN_DEPRECATED_OBJC_IMPLEMENTATIONS = YES;
				CLANG_WARN_DIRECT_OBJC_ISA_USAGE = YES_ERROR;
				CLANG_WARN_DOCUMENTATION_COMMENTS = YES;
				CLANG_WARN_EMPTY_BODY = YES;
				CLANG_WARN_ENUM_CONVERSION = YES;
				CLANG_WARN_INFINITE_RECURSION = YES;
				CLANG_WARN_INT_CONVERSION = YES;
				CLANG_WARN_NON_LITERAL_NULL_CONVERSION = YES;
				CLANG_WARN_OBJC_IMPLICIT_RETAIN_SELF = YES;
				CLANG_WARN_OBJC_LITERAL_CONVERSION = YES;
				CLANG_WARN_OBJC_ROOT_CLASS = YES_ERROR;
				CLANG_WARN_RANGE_LOOP_ANALYSIS = YES;
				CLANG_WARN_STRICT_PROTOTYPES = YES;
				CLANG_WARN_SUSPICIOUS_MOVE = YES;
				CLANG_WARN_UNGUARDED_AVAILABILITY = YES_AGGRESSIVE;
				CLANG_WARN_UNREACHABLE_CODE = YES;
				CLANG_WARN__DUPLICATE_METHOD_MATCH = YES;
				COPY_PHASE_STRIP = NO;
				DEBUG_INFORMATION_FORMAT = "dwarf-with-dsym";
				ENABLE_NS_ASSERTIONS = NO;
				ENABLE_STRICT_OBJC_MSGSEND = YES;
				GCC_C_LANGUAGE_STANDARD = gnu11;
				GCC_NO_COMMON_BLOCKS = YES;
				GCC_WARN_64_TO_32_BIT_CONVERSION = YES;
				GCC_WARN_ABOUT_RETURN_TYPE = YES_ERROR;
				GCC_WARN_UNDECLARED_SELECTOR = YES;
				GCC_WARN_UNINITIALIZED_AUTOS = YES_AGGRESSIVE;
				GCC_WARN_UNUSED_FUNCTION = YES;
				GCC_WARN_UNUSED_VARIABLE = YES;
				IPHONEOS_DEPLOYMENT_TARGET = 13.0;
				MTL_ENABLE_DEBUG_INFO = NO;
				MTL_FAST_MATH = YES;
				SDKROOT = iphoneos;
				SWIFT_COMPILATION_MODE = wholemodule;
				SWIFT_OPTIMIZATION_LEVEL = "-O";
				VALIDATE_PRODUCT = YES;
			};
			name = Release;
		};
		EBC8194A282BFCB300762FA7 /* Debug */ = {
			isa = XCBuildConfiguration;
			baseConfigurationReference = 2CF5B139F96795A7D1560FED /* Pods-ITISportApp.debug.xcconfig */;
			buildSettings = {
				ASSETCATALOG_COMPILER_APPICON_NAME = AppIcon;
				CODE_SIGN_STYLE = Automatic;
				INFOPLIST_FILE = ITISportApp/Info.plist;
				LD_RUNPATH_SEARCH_PATHS = (
					"$(inherited)",
					"@executable_path/Frameworks",
				);
				PRODUCT_BUNDLE_IDENTIFIER = iti.ITISportApp;
				PRODUCT_NAME = "$(TARGET_NAME)";
				SWIFT_VERSION = 5.0;
				TARGETED_DEVICE_FAMILY = "1,2";
			};
			name = Debug;
		};
		EBC8194B282BFCB300762FA7 /* Release */ = {
			isa = XCBuildConfiguration;
			baseConfigurationReference = 002434BD50E88278F4DCD1E4 /* Pods-ITISportApp.release.xcconfig */;
			buildSettings = {
				ASSETCATALOG_COMPILER_APPICON_NAME = AppIcon;
				CODE_SIGN_STYLE = Automatic;
				INFOPLIST_FILE = ITISportApp/Info.plist;
				LD_RUNPATH_SEARCH_PATHS = (
					"$(inherited)",
					"@executable_path/Frameworks",
				);
				PRODUCT_BUNDLE_IDENTIFIER = iti.ITISportApp;
				PRODUCT_NAME = "$(TARGET_NAME)";
				SWIFT_VERSION = 5.0;
				TARGETED_DEVICE_FAMILY = "1,2";
			};
			name = Release;
		};
		EBC8194D282BFCB300762FA7 /* Debug */ = {
			isa = XCBuildConfiguration;
			baseConfigurationReference = 8829578BE323E88148AE99AA /* Pods-ITISportAppTests.debug.xcconfig */;
			buildSettings = {
				ALWAYS_EMBED_SWIFT_STANDARD_LIBRARIES = YES;
				BUNDLE_LOADER = "$(TEST_HOST)";
				CODE_SIGN_STYLE = Automatic;
				INFOPLIST_FILE = ITISportAppTests/Info.plist;
				IPHONEOS_DEPLOYMENT_TARGET = 13.0;
				LD_RUNPATH_SEARCH_PATHS = (
					"$(inherited)",
					"@executable_path/Frameworks",
					"@loader_path/Frameworks",
				);
				PRODUCT_BUNDLE_IDENTIFIER = iti.ITISportAppTests;
				PRODUCT_NAME = "$(TARGET_NAME)";
				SWIFT_VERSION = 5.0;
				TARGETED_DEVICE_FAMILY = "1,2";
				TEST_HOST = "$(BUILT_PRODUCTS_DIR)/ITISportApp.app/ITISportApp";
			};
			name = Debug;
		};
		EBC8194E282BFCB300762FA7 /* Release */ = {
			isa = XCBuildConfiguration;
			baseConfigurationReference = 0E17A0E680F0829D9D3CA24F /* Pods-ITISportAppTests.release.xcconfig */;
			buildSettings = {
				ALWAYS_EMBED_SWIFT_STANDARD_LIBRARIES = YES;
				BUNDLE_LOADER = "$(TEST_HOST)";
				CODE_SIGN_STYLE = Automatic;
				INFOPLIST_FILE = ITISportAppTests/Info.plist;
				IPHONEOS_DEPLOYMENT_TARGET = 13.0;
				LD_RUNPATH_SEARCH_PATHS = (
					"$(inherited)",
					"@executable_path/Frameworks",
					"@loader_path/Frameworks",
				);
				PRODUCT_BUNDLE_IDENTIFIER = iti.ITISportAppTests;
				PRODUCT_NAME = "$(TARGET_NAME)";
				SWIFT_VERSION = 5.0;
				TARGETED_DEVICE_FAMILY = "1,2";
				TEST_HOST = "$(BUILT_PRODUCTS_DIR)/ITISportApp.app/ITISportApp";
			};
			name = Release;
		};
		EBC81950282BFCB300762FA7 /* Debug */ = {
			isa = XCBuildConfiguration;
			baseConfigurationReference = F27EEEFD47231AEDB26222C0 /* Pods-ITISportApp-ITISportAppUITests.debug.xcconfig */;
			buildSettings = {
				ALWAYS_EMBED_SWIFT_STANDARD_LIBRARIES = YES;
				CODE_SIGN_STYLE = Automatic;
				INFOPLIST_FILE = ITISportAppUITests/Info.plist;
				LD_RUNPATH_SEARCH_PATHS = (
					"$(inherited)",
					"@executable_path/Frameworks",
					"@loader_path/Frameworks",
				);
				PRODUCT_BUNDLE_IDENTIFIER = iti.ITISportAppUITests;
				PRODUCT_NAME = "$(TARGET_NAME)";
				SWIFT_VERSION = 5.0;
				TARGETED_DEVICE_FAMILY = "1,2";
				TEST_TARGET_NAME = ITISportApp;
			};
			name = Debug;
		};
		EBC81951282BFCB300762FA7 /* Release */ = {
			isa = XCBuildConfiguration;
			baseConfigurationReference = DF19A620EFA65B0A159F6563 /* Pods-ITISportApp-ITISportAppUITests.release.xcconfig */;
			buildSettings = {
				ALWAYS_EMBED_SWIFT_STANDARD_LIBRARIES = YES;
				CODE_SIGN_STYLE = Automatic;
				INFOPLIST_FILE = ITISportAppUITests/Info.plist;
				LD_RUNPATH_SEARCH_PATHS = (
					"$(inherited)",
					"@executable_path/Frameworks",
					"@loader_path/Frameworks",
				);
				PRODUCT_BUNDLE_IDENTIFIER = iti.ITISportAppUITests;
				PRODUCT_NAME = "$(TARGET_NAME)";
				SWIFT_VERSION = 5.0;
				TARGETED_DEVICE_FAMILY = "1,2";
				TEST_TARGET_NAME = ITISportApp;
			};
			name = Release;
		};
/* End XCBuildConfiguration section */

/* Begin XCConfigurationList section */
		EBC81917282BFCB200762FA7 /* Build configuration list for PBXProject "ITISportApp" */ = {
			isa = XCConfigurationList;
			buildConfigurations = (
				EBC81947282BFCB300762FA7 /* Debug */,
				EBC81948282BFCB300762FA7 /* Release */,
			);
			defaultConfigurationIsVisible = 0;
			defaultConfigurationName = Release;
		};
		EBC81949282BFCB300762FA7 /* Build configuration list for PBXNativeTarget "ITISportApp" */ = {
			isa = XCConfigurationList;
			buildConfigurations = (
				EBC8194A282BFCB300762FA7 /* Debug */,
				EBC8194B282BFCB300762FA7 /* Release */,
			);
			defaultConfigurationIsVisible = 0;
			defaultConfigurationName = Release;
		};
		EBC8194C282BFCB300762FA7 /* Build configuration list for PBXNativeTarget "ITISportAppTests" */ = {
			isa = XCConfigurationList;
			buildConfigurations = (
				EBC8194D282BFCB300762FA7 /* Debug */,
				EBC8194E282BFCB300762FA7 /* Release */,
			);
			defaultConfigurationIsVisible = 0;
			defaultConfigurationName = Release;
		};
		EBC8194F282BFCB300762FA7 /* Build configuration list for PBXNativeTarget "ITISportAppUITests" */ = {
			isa = XCConfigurationList;
			buildConfigurations = (
				EBC81950282BFCB300762FA7 /* Debug */,
				EBC81951282BFCB300762FA7 /* Release */,
			);
			defaultConfigurationIsVisible = 0;
			defaultConfigurationName = Release;
		};
/* End XCConfigurationList section */

/* Begin XCRemoteSwiftPackageReference section */
		EB1F5A24282DA85600D72A3C /* XCRemoteSwiftPackageReference "Alamofire" */ = {
			isa = XCRemoteSwiftPackageReference;
			repositoryURL = "https://github.com/Alamofire/Alamofire";
			requirement = {
				kind = upToNextMajorVersion;
				minimumVersion = 4.9.1;
			};
		};
/* End XCRemoteSwiftPackageReference section */

/* Begin XCSwiftPackageProductDependency section */
		EB1F5A25282DA85600D72A3C /* Alamofire */ = {
			isa = XCSwiftPackageProductDependency;
			package = EB1F5A24282DA85600D72A3C /* XCRemoteSwiftPackageReference "Alamofire" */;
			productName = Alamofire;
		};
/* End XCSwiftPackageProductDependency section */

/* Begin XCVersionGroup section */
		EBC81928282BFCB200762FA7 /* ITISportApp.xcdatamodeld */ = {
			isa = XCVersionGroup;
			children = (
				EBC81929282BFCB200762FA7 /* ITISportApp.xcdatamodel */,
			);
			currentVersion = EBC81929282BFCB200762FA7 /* ITISportApp.xcdatamodel */;
			path = ITISportApp.xcdatamodeld;
			sourceTree = "<group>";
			versionGroupType = wrapper.xcdatamodel;
		};
/* End XCVersionGroup section */
	};
	rootObject = EBC81914282BFCB200762FA7 /* Project object */;
}
